# This file is automatically @generated by Cargo.
# It is not intended for manual editing.
[[package]]
name = "async-task"
version = "3.0.0"
source = "registry+https://github.com/rust-lang/crates.io-index"
checksum = "c17772156ef2829aadc587461c7753af20b7e8db1529bc66855add962a3b35d3"

[[package]]
name = "waker"
version = "0.1.0"
dependencies = [
 "async-task",
]
